
Microsoft Visual Studio Solution File, Format Version 12.00
# Visual Studio 15
VisualStudioVersion = 15.0.28010.2041
MinimumVisualStudioVersion = 10.0.40219.1
Project("{9A19103F-16F7-4668-BE54-9A1E7A4F7556}") = "NServiceBus.Test", "NServiceBus.Test\NServiceBus.Test.csproj", "{267A0CFF-E8EE-429D-94AD-E659F961763B}"
EndProject
Project("{9A19103F-16F7-4668-BE54-9A1E7A4F7556}") = "NServiceBus.Test.Domain", "NServiceBus.Test.Domain\NServiceBus.Test.Domain.csproj", "{799A17AB-0654-479B-BABE-8E7CC3E41538}"
EndProject
Project("{9A19103F-16F7-4668-BE54-9A1E7A4F7556}") = "NServiceBus.Test.Application", "NServiceBus.Test.Application\NServiceBus.Test.Application.csproj", "{A94A6312-600F-4D53-9853-592779F24D25}"
EndProject
Project("{9A19103F-16F7-4668-BE54-9A1E7A4F7556}") = "Azure.Functions.V1", "Azure.Functions.V1\Azure.Functions.V1.csproj", "{2BDD9F7A-D0FF-4327-836A-CBF3437BDB00}"
EndProject
Project("{2150E333-8FDC-42A3-9474-1A3956D46DE8}") = "Solution Items", "Solution Items", "{866D91E7-FB74-44E8-8B70-A8D362C51B89}"
	ProjectSection(SolutionItems) = preProject
		DatabaseSetup.sql = DatabaseSetup.sql
	EndProjectSection
EndProject
Project("{9A19103F-16F7-4668-BE54-9A1E7A4F7556}") = "NServiceBus.Test.Console", "NServiceBus.Test.Console\NServiceBus.Test.Console.csproj", "{A586002E-9C4D-47D1-BAE7-92A92B0C7EEF}"
EndProject
Global
	GlobalSection(SolutionConfigurationPlatforms) = preSolution
		Debug|Any CPU = Debug|Any CPU
		Release|Any CPU = Release|Any CPU
	EndGlobalSection
	GlobalSection(ProjectConfigurationPlatforms) = postSolution
		{267A0CFF-E8EE-429D-94AD-E659F961763B}.Debug|Any CPU.ActiveCfg = Debug|Any CPU
		{267A0CFF-E8EE-429D-94AD-E659F961763B}.Debug|Any CPU.Build.0 = Debug|Any CPU
		{267A0CFF-E8EE-429D-94AD-E659F961763B}.Release|Any CPU.ActiveCfg = Release|Any CPU
		{267A0CFF-E8EE-429D-94AD-E659F961763B}.Release|Any CPU.Build.0 = Release|Any CPU
		{799A17AB-0654-479B-BABE-8E7CC3E41538}.Debug|Any CPU.ActiveCfg = Debug|Any CPU
		{799A17AB-0654-479B-BABE-8E7CC3E41538}.Debug|Any CPU.Build.0 = Debug|Any CPU
		{799A17AB-0654-479B-BABE-8E7CC3E41538}.Release|Any CPU.ActiveCfg = Release|Any CPU
		{799A17AB-0654-479B-BABE-8E7CC3E41538}.Release|Any CPU.Build.0 = Release|Any CPU
		{A94A6312-600F-4D53-9853-592779F24D25}.Debug|Any CPU.ActiveCfg = Debug|Any CPU
		{A94A6312-600F-4D53-9853-592779F24D25}.Debug|Any CPU.Build.0 = Debug|Any CPU
		{A94A6312-600F-4D53-9853-592779F24D25}.Release|Any CPU.ActiveCfg = Release|Any CPU
		{A94A6312-600F-4D53-9853-592779F24D25}.Release|Any CPU.Build.0 = Release|Any CPU
		{2BDD9F7A-D0FF-4327-836A-CBF3437BDB00}.Debug|Any CPU.ActiveCfg = Debug|Any CPU
		{2BDD9F7A-D0FF-4327-836A-CBF3437BDB00}.Debug|Any CPU.Build.0 = Debug|Any CPU
		{2BDD9F7A-D0FF-4327-836A-CBF3437BDB00}.Release|Any CPU.ActiveCfg = Release|Any CPU
		{2BDD9F7A-D0FF-4327-836A-CBF3437BDB00}.Release|Any CPU.Build.0 = Release|Any CPU
		{A586002E-9C4D-47D1-BAE7-92A92B0C7EEF}.Debug|Any CPU.ActiveCfg = Debug|Any CPU
		{A586002E-9C4D-47D1-BAE7-92A92B0C7EEF}.Debug|Any CPU.Build.0 = Debug|Any CPU
		{A586002E-9C4D-47D1-BAE7-92A92B0C7EEF}.Release|Any CPU.ActiveCfg = Release|Any CPU
		{A586002E-9C4D-47D1-BAE7-92A92B0C7EEF}.Release|Any CPU.Build.0 = Release|Any CPU
	EndGlobalSection
	GlobalSection(SolutionProperties) = preSolution
		HideSolutionNode = FALSE
	EndGlobalSection
	GlobalSection(ExtensibilityGlobals) = postSolution
		SolutionGuid = {C266CCD5-13C9-4327-B8E6-30B97F031B3C}
	EndGlobalSection
EndGlobal
